
Microsoft Visual Studio Solution File, Format Version 12.00
# Visual Studio Version 16
VisualStudioVersion = 16.0.33130.400
MinimumVisualStudioVersion = 10.0.40219.1
Project("{FAE04EC0-301F-11D3-BF4B-00C04F79EFBC}") = "93_Tu_N2_B4_03", "STT_Tu_N2_B4_03\93_Tu_N2_B4_03.csproj", "{869D5A2A-2202-489C-B496-72774E68A513}"
EndProject
Global
	GlobalSection(SolutionConfigurationPlatforms) = preSolution
		Debug|Any CPU = Debug|Any CPU
		Release|Any CPU = Release|Any CPU
	EndGlobalSection
	GlobalSection(ProjectConfigurationPlatforms) = postSolution
		{869D5A2A-2202-489C-B496-72774E68A513}.Debug|Any CPU.ActiveCfg = Debug|Any CPU
		{869D5A2A-2202-489C-B496-72774E68A513}.Debug|Any CPU.Build.0 = Debug|Any CPU
		{869D5A2A-2202-489C-B496-72774E68A513}.Release|Any CPU.ActiveCfg = Release|Any CPU
		{869D5A2A-2202-489C-B496-72774E68A513}.Release|Any CPU.Build.0 = Release|Any CPU
	EndGlobalSection
	GlobalSection(SolutionProperties) = preSolution
		HideSolutionNode = FALSE
	EndGlobalSection
	GlobalSection(ExtensibilityGlobals) = postSolution
		SolutionGuid = {ABB8B72B-F50F-4F4D-9773-75017F79B66A}
	EndGlobalSection
EndGlobal
